{
  "nodes": {
    "nixpkgs": {
      "locked": {
        "lastModified": 1783791668,
        "narHash": "sha256-zbcZ1dmBTPfJ7Mlqh/yLEPGpgJnwuv4Xr1xucy2WqMA=",
        "owner": "nixos",
        "repo": "nixpkgs",
        "rev": "716c7a2664ca8325617b8a7fbb609273f2c4cae7",
        "type": "github"
      },
      "original": {
        "owner": "nixos",
        "ref": "nixpkgs-unstable",
        "repo": "nixpkgs",
        "type": "github"
      }
    },
    "nixpkgs-stable": {
      "locked": {
        "lastModified": 1782847189,
        "narHash": "sha256-twXPFqFsrrY5r28Zh7Homgcp2gUMBgQ6WDS98Q/3xFI=",
        "owner": "nixos",
        "repo": "nixpkgs",
        "rev": "b6018f87da91d19d0ab4cf979885689b469cdd41",
        "type": "github"
      },
      "original": {
        "owner": "nixos",
        "ref": "nixos-25.11",
        "repo": "nixpkgs",
        "type": "github"
      }
    },
    "nixpkgs-unstable": {
      "locked": {
        "lastModified": 1783522502,
        "narHash": "sha256-iffAls3iaNTyJC2faYcUXSI+Gp02cDjYl+MygxKl2GI=",
        "owner": "nixos",
        "repo": "nixpkgs",
        "rev": "0bb7ec54c8483066ec9d7720e780a5caa71f8612",
        "type": "github"
      },
      "original": {
        "owner": "nixos",
        "ref": "nixos-unstable",
        "repo": "nixpkgs",
        "type": "github"
      }
    },
    "root": {
      "inputs": {
        "nixpkgs": "nixpkgs",
        "nixpkgs-stable": "nixpkgs-stable",
        "nixpkgs-unstable": "nixpkgs-unstable"
      }
    }
  },
  "root": "root",
  "version": 7
}
